// !$*UTF8*$!
{
	archiveVersion = 1;
	classes = {
	};
	objectVersion = 50;
	objects = {

/* Begin PBXBuildFile section */
		179013172125BAF70099DD85 /* AppDelegate.swift in Sources */ = {isa = PBXBuildFile; fileRef = 179013162125BAF70099DD85 /* AppDelegate.swift */; };
		179013192125BAF70099DD85 /* MainView.swift in Sources */ = {isa = PBXBuildFile; fileRef = 179013182125BAF70099DD85 /* MainView.swift */; };
		1790131C2125BAF70099DD85 /* Main.storyboard in Resources */ = {isa = PBXBuildFile; fileRef = 1790131A2125BAF70099DD85 /* Main.storyboard */; };
		1790131E2125BAF70099DD85 /* Assets.xcassets in Resources */ = {isa = PBXBuildFile; fileRef = 1790131D2125BAF70099DD85 /* Assets.xcassets */; };
		179013212125BAF70099DD85 /* LaunchScreen.storyboard in Resources */ = {isa = PBXBuildFile; fileRef = 1790131F2125BAF70099DD85 /* LaunchScreen.storyboard */; };
		1790132D2125BB8B0099DD85 /* CloudKit.framework in Frameworks */ = {isa = PBXBuildFile; fileRef = 1790132C2125BB8B0099DD85 /* CloudKit.framework */; };
		1790132F2125C0C90099DD85 /* Position.swift in Sources */ = {isa = PBXBuildFile; fileRef = 1790132E2125C0C90099DD85 /* Position.swift */; };
		179013312125CDA90099DD85 /* Colors.swift in Sources */ = {isa = PBXBuildFile; fileRef = 179013302125CDA90099DD85 /* Colors.swift */; };
/* End PBXBuildFile section */

/* Begin PBXFileReference section */
		179013132125BAF70099DD85 /* Safety.app */ = {isa = PBXFileReference; explicitFileType = wrapper.application; includeInIndex = 0; path = Safety.app; sourceTree = BUILT_PRODUCTS_DIR; };
		179013162125BAF70099DD85 /* AppDelegate.swift */ = {isa = PBXFileReference; lastKnownFileType = sourcecode.swift; path = AppDelegate.swift; sourceTree = "<group>"; };
		179013182125BAF70099DD85 /* MainView.swift */ = {isa = PBXFileReference; lastKnownFileType = sourcecode.swift; path = MainView.swift; sourceTree = "<group>"; };
		1790131B2125BAF70099DD85 /* Base */ = {isa = PBXFileReference; lastKnownFileType = file.storyboard; name = Base; path = Base.lproj/Main.storyboard; sourceTree = "<group>"; };
		1790131D2125BAF70099DD85 /* Assets.xcassets */ = {isa = PBXFileReference; lastKnownFileType = folder.assetcatalog; path = Assets.xcassets; sourceTree = "<group>"; };
		179013202125BAF70099DD85 /* Base */ = {isa = PBXFileReference; lastKnownFileType = file.storyboard; name = Base; path = Base.lproj/LaunchScreen.storyboard; sourceTree = "<group>"; };
		179013222125BAF70099DD85 /* Info.plist */ = {isa = PBXFileReference; lastKnownFileType = text.plist.xml; path = Info.plist; sourceTree = "<group>"; };
		179013282125BB600099DD85 /* Safety.entitlements */ = {isa = PBXFileReference; lastKnownFileType = text.plist.entitlements; path = Safety.entitlements; sourceTree = "<group>"; };
		1790132C2125BB8B0099DD85 /* CloudKit.framework */ = {isa = PBXFileReference; lastKnownFileType = wrapper.framework; name = CloudKit.framework; path = System/Library/Frameworks/CloudKit.framework; sourceTree = SDKROOT; };
		1790132E2125C0C90099DD85 /* Position.swift */ = {isa = PBXFileReference; lastKnownFileType = sourcecode.swift; path = Position.swift; sourceTree = "<group>"; };
		179013302125CDA90099DD85 /* Colors.swift */ = {isa = PBXFileReference; lastKnownFileType = sourcecode.swift; path = Colors.swift; sourceTree = "<group>"; };
/* End PBXFileReference section */

/* Begin PBXFrameworksBuildPhase section */
		179013102125BAF70099DD85 /* Frameworks */ = {
			isa = PBXFrameworksBuildPhase;
			buildActionMask = 2147483647;
			files = (
				1790132D2125BB8B0099DD85 /* CloudKit.framework in Frameworks */,
			);
			runOnlyForDeploymentPostprocessing = 0;
		};
/* End PBXFrameworksBuildPhase section */

/* Begin PBXGroup section */
		1790130A2125BAF60099DD85 = {
			isa = PBXGroup;
			children = (
				179013152125BAF70099DD85 /* Safety */,
				179013142125BAF70099DD85 /* Products */,
				179013292125BB750099DD85 /* Frameworks */,
			);
			sourceTree = "<group>";
		};
		179013142125BAF70099DD85 /* Products */ = {
			isa = PBXGroup;
			children = (
				179013132125BAF70099DD85 /* Safety.app */,
			);
			name = Products;
			sourceTree = "<group>";
		};
		179013152125BAF70099DD85 /* Safety */ = {
			isa = PBXGroup;
			children = (
				179013162125BAF70099DD85 /* AppDelegate.swift */,
				179013182125BAF70099DD85 /* MainView.swift */,
				1790132E2125C0C90099DD85 /* Position.swift */,
				179013302125CDA90099DD85 /* Colors.swift */,
				1790131A2125BAF70099DD85 /* Main.storyboard */,
				1790131F2125BAF70099DD85 /* LaunchScreen.storyboard */,
				179013282125BB600099DD85 /* Safety.entitlements */,
				1790131D2125BAF70099DD85 /* Assets.xcassets */,
				179013222125BAF70099DD85 /* Info.plist */,
			);
			path = Safety;
			sourceTree = "<group>";
		};
		179013292125BB750099DD85 /* Frameworks */ = {
			isa = PBXGroup;
			children = (
				1790132C2125BB8B0099DD85 /* CloudKit.framework */,
			);
			name = Frameworks;
			sourceTree = "<group>";
		};
/* End PBXGroup section */

/* Begin PBXNativeTarget section */
		179013122125BAF70099DD85 /* Safety */ = {
			isa = PBXNativeTarget;
			buildConfigurationList = 179013252125BAF70099DD85 /* Build configuration list for PBXNativeTarget "Safety" */;
			buildPhases = (
				1790130F2125BAF70099DD85 /* Sources */,
				179013102125BAF70099DD85 /* Frameworks */,
				179013112125BAF70099DD85 /* Resources */,
			);
			buildRules = (
			);
			dependencies = (
			);
			name = Safety;
			productName = Safety;
			productReference = 179013132125BAF70099DD85 /* Safety.app */;
			productType = "com.apple.product-type.application";
		};
/* End PBXNativeTarget section */

/* Begin PBXProject section */
		1790130B2125BAF60099DD85 /* Project object */ = {
			isa = PBXProject;
			attributes = {
				LastSwiftUpdateCheck = 0940;
				LastUpgradeCheck = 0940;
				ORGANIZATIONNAME = "Dennis Schmidt";
				TargetAttributes = {
					179013122125BAF70099DD85 = {
						CreatedOnToolsVersion = 9.4.1;
						SystemCapabilities = {
							com.apple.BackgroundModes = {
								enabled = 1;
							};
							com.apple.Maps.iOS = {
								enabled = 0;
							};
							com.apple.Push = {
								enabled = 1;
							};
							com.apple.Siri = {
								enabled = 1;
							};
							com.apple.iCloud = {
								enabled = 1;
							};
						};
					};
				};
			};
			buildConfigurationList = 1790130E2125BAF60099DD85 /* Build configuration list for PBXProject "Safety" */;
			compatibilityVersion = "Xcode 9.3";
			developmentRegion = en;
			hasScannedForEncodings = 0;
			knownRegions = (
				en,
				Base,
			);
			mainGroup = 1790130A2125BAF60099DD85;
			productRefGroup = 179013142125BAF70099DD85 /* Products */;
			projectDirPath = "";
			projectRoot = "";
			targets = (
				179013122125BAF70099DD85 /* Safety */,
			);
		};
/* End PBXProject section */

/* Begin PBXResourcesBuildPhase section */
		179013112125BAF70099DD85 /* Resources */ = {
			isa = PBXResourcesBuildPhase;
			buildActionMask = 2147483647;
			files = (
				179013212125BAF70099DD85 /* LaunchScreen.storyboard in Resources */,
				1790131E2125BAF70099DD85 /* Assets.xcassets in Resources */,
				1790131C2125BAF70099DD85 /* Main.storyboard in Resources */,
			);
			runOnlyForDeploymentPostprocessing = 0;
		};
/* End PBXResourcesBuildPhase section */

/* Begin PBXSourcesBuildPhase section */
		1790130F2125BAF70099DD85 /* Sources */ = {
			isa = PBXSourcesBuildPhase;
			buildActionMask = 2147483647;
			files = (
				179013192125BAF70099DD85 /* MainView.swift in Sources */,
				179013312125CDA90099DD85 /* Colors.swift in Sources */,
				179013172125BAF70099DD85 /* AppDelegate.swift in Sources */,
				1790132F2125C0C90099DD85 /* Position.swift in Sources */,
			);
			runOnlyForDeploymentPostprocessing = 0;
		};
/* End PBXSourcesBuildPhase section */

/* Begin PBXVariantGroup section */
		1790131A2125BAF70099DD85 /* Main.storyboard */ = {
			isa = PBXVariantGroup;
			children = (
				1790131B2125BAF70099DD85 /* Base */,
			);
			name = Main.storyboard;
			sourceTree = "<group>";
		};
		1790131F2125BAF70099DD85 /* LaunchScreen.storyboard */ = {
			isa = PBXVariantGroup;
			children = (
				179013202125BAF70099DD85 /* Base */,
			);
			name = LaunchScreen.storyboard;
			sourceTree = "<group>";
		};
/* End PBXVariantGroup section */

/* Begin XCBuildConfiguration section */
		179013232125BAF70099DD85 /* Debug */ = {
			isa = XCBuildConfiguration;
			buildSettings = {
				ALWAYS_SEARCH_USER_PATHS = NO;
				CLANG_ANALYZER_NONNULL = YES;
				CLANG_ANALYZER_NUMBER_OBJECT_CONVERSION = YES_AGGRESSIVE;
				CLANG_CXX_LANGUAGE_STANDARD = "gnu++14";
				CLANG_CXX_LIBRARY = "libc++";
				CLANG_ENABLE_MODULES = YES;
				CLANG_ENABLE_OBJC_ARC = YES;
				CLANG_ENABLE_OBJC_WEAK = YES;
				CLANG_WARN_BLOCK_CAPTURE_AUTORELEASING = YES;
				CLANG_WARN_BOOL_CONVERSION = YES;
				CLANG_WARN_COMMA = YES;
				CLANG_WARN_CONSTANT_CONVERSION = YES;
				CLANG_WARN_DEPRECATED_OBJC_IMPLEMENTATIONS = YES;
				CLANG_WARN_DIRECT_OBJC_ISA_USAGE = YES_ERROR;
				CLANG_WARN_DOCUMENTATION_COMMENTS = YES;
				CLANG_WARN_EMPTY_BODY = YES;
				CLANG_WARN_ENUM_CONVERSION = YES;
				CLANG_WARN_INFINITE_RECURSION = YES;
				CLANG_WARN_INT_CONVERSION = YES;
				CLANG_WARN_NON_LITERAL_NULL_CONVERSION = YES;
				CLANG_WARN_OBJC_IMPLICIT_RETAIN_SELF = YES;
				CLANG_WARN_OBJC_LITERAL_CONVERSION = YES;
				CLANG_WARN_OBJC_ROOT_CLASS = YES_ERROR;
				CLANG_WARN_RANGE_LOOP_ANALYSIS = YES;
				CLANG_WARN_STRICT_PROTOTYPES = YES;
				CLANG_WARN_SUSPICIOUS_MOVE = YES;
				CLANG_WARN_UNGUARDED_AVAILABILITY = YES_AGGRESSIVE;
				CLANG_WARN_UNREACHABLE_CODE = YES;
				CLANG_WARN__DUPLICATE_METHOD_MATCH = YES;
				CODE_SIGN_IDENTITY = "iPhone Developer";
				COPY_PHASE_STRIP = NO;
				DEBUG_INFORMATION_FORMAT = dwarf;
				ENABLE_STRICT_OBJC_MSGSEND = YES;
				ENABLE_TESTABILITY = YES;
				GCC_C_LANGUAGE_STANDARD = gnu11;
				GCC_DYNAMIC_NO_PIC = NO;
				GCC_NO_COMMON_BLOCKS = YES;
				GCC_OPTIMIZATION_LEVEL = 0;
				GCC_PREPROCESSOR_DEFINITIONS = (
					"DEBUG=1",
					"$(inherited)",
				);
				GCC_WARN_64_TO_32_BIT_CONVERSION = YES;
				GCC_WARN_ABOUT_RETURN_TYPE = YES_ERROR;
				GCC_WARN_UNDECLARED_SELECTOR = YES;
				GCC_WARN_UNINITIALIZED_AUTOS = YES_AGGRESSIVE;
				GCC_WARN_UNUSED_FUNCTION = YES;
				GCC_WARN_UNUSED_VARIABLE = YES;
				IPHONEOS_DEPLOYMENT_TARGET = 11.4;
				MTL_ENABLE_DEBUG_INFO = YES;
				ONLY_ACTIVE_ARCH = YES;
				SDKROOT = iphoneos;
				SWIFT_ACTIVE_COMPILATION_CONDITIONS = DEBUG;
				SWIFT_OPTIMIZATION_LEVEL = "-Onone";
			};
			name = Debug;
		};
		179013242125BAF70099DD85 /* Release */ = {
			isa = XCBuildConfiguration;
			buildSettings = {
				ALWAYS_SEARCH_USER_PATHS = NO;
				CLANG_ANALYZER_NONNULL = YES;
				CLANG_ANALYZER_NUMBER_OBJECT_CONVERSION = YES_AGGRESSIVE;
				CLANG_CXX_LANGUAGE_STANDARD = "gnu++14";
				CLANG_CXX_LIBRARY = "libc++";
				CLANG_ENABLE_MODULES = YES;
				CLANG_ENABLE_OBJC_ARC = YES;
				CLANG_ENABLE_OBJC_WEAK = YES;
				CLANG_WARN_BLOCK_CAPTURE_AUTORELEASING = YES;
				CLANG_WARN_BOOL_CONVERSION = YES;
				CLANG_WARN_COMMA = YES;
				CLANG_WARN_CONSTANT_CONVERSION = YES;
				CLANG_WARN_DEPRECATED_OBJC_IMPLEMENTATIONS = YES;
				CLANG_WARN_DIRECT_OBJC_ISA_USAGE = YES_ERROR;
				CLANG_WARN_DOCUMENTATION_COMMENTS = YES;
				CLANG_WARN_EMPTY_BODY = YES;
				CLANG_WARN_ENUM_CONVERSION = YES;
				CLANG_WARN_INFINITE_RECURSION = YES;
				CLANG_WARN_INT_CONVERSION = YES;
				CLANG_WARN_NON_LITERAL_NULL_CONVERSION = YES;
				CLANG_WARN_OBJC_IMPLICIT_RETAIN_SELF = YES;
				CLANG_WARN_OBJC_LITERAL_CONVERSION = YES;
				CLANG_WARN_OBJC_ROOT_CLASS = YES_ERROR;
				CLANG_WARN_RANGE_LOOP_ANALYSIS = YES;
				CLANG_WARN_STRICT_PROTOTYPES = YES;
				CLANG_WARN_SUSPICIOUS_MOVE = YES;
				CLANG_WARN_UNGUARDED_AVAILABILITY = YES_AGGRESSIVE;
				CLANG_WARN_UNREACHABLE_CODE = YES;
				CLANG_WARN__DUPLICATE_METHOD_MATCH = YES;
				CODE_SIGN_IDENTITY = "iPhone Developer";
				COPY_PHASE_STRIP = NO;
				DEBUG_INFORMATION_FORMAT = "dwarf-with-dsym";
				ENABLE_NS_ASSERTIONS = NO;
				ENABLE_STRICT_OBJC_MSGSEND = YES;
				GCC_C_LANGUAGE_STANDARD = gnu11;
				GCC_NO_COMMON_BLOCKS = YES;
				GCC_WARN_64_TO_32_BIT_CONVERSION = YES;
				GCC_WARN_ABOUT_RETURN_TYPE = YES_ERROR;
				GCC_WARN_UNDECLARED_SELECTOR = YES;
				GCC_WARN_UNINITIALIZED_AUTOS = YES_AGGRESSIVE;
				GCC_WARN_UNUSED_FUNCTION = YES;
				GCC_WARN_UNUSED_VARIABLE = YES;
				IPHONEOS_DEPLOYMENT_TARGET = 11.4;
				MTL_ENABLE_DEBUG_INFO = NO;
				SDKROOT = iphoneos;
				SWIFT_COMPILATION_MODE = wholemodule;
				SWIFT_OPTIMIZATION_LEVEL = "-O";
				VALIDATE_PRODUCT = YES;
			};
			name = Release;
		};
		179013262125BAF70099DD85 /* Debug */ = {
			isa = XCBuildConfiguration;
			buildSettings = {
				ASSETCATALOG_COMPILER_APPICON_NAME = AppIcon;
				CODE_SIGN_ENTITLEMENTS = Safety/Safety.entitlements;
				CODE_SIGN_STYLE = Automatic;
				DEVELOPMENT_TEAM = 9RA78NC4VX;
				INFOPLIST_FILE = Safety/Info.plist;
				LD_RUNPATH_SEARCH_PATHS = (
					"$(inherited)",
					"@executable_path/Frameworks",
				);
				PRODUCT_BUNDLE_IDENTIFIER = dk.nytorv.safety;
				PRODUCT_NAME = "$(TARGET_NAME)";
				SWIFT_VERSION = 4.0;
				TARGETED_DEVICE_FAMILY = "1,2";
			};
			name = Debug;
		};
		179013272125BAF70099DD85 /* Release */ = {
			isa = XCBuildConfiguration;
			buildSettings = {
				ASSETCATALOG_COMPILER_APPICON_NAME = AppIcon;
				CODE_SIGN_ENTITLEMENTS = Safety/Safety.entitlements;
				CODE_SIGN_STYLE = Automatic;
				DEVELOPMENT_TEAM = 9RA78NC4VX;
				INFOPLIST_FILE = Safety/Info.plist;
				LD_RUNPATH_SEARCH_PATHS = (
					"$(inherited)",
					"@executable_path/Frameworks",
				);
				PRODUCT_BUNDLE_IDENTIFIER = dk.nytorv.safety;
				PRODUCT_NAME = "$(TARGET_NAME)";
				SWIFT_VERSION = 4.0;
				TARGETED_DEVICE_FAMILY = "1,2";
			};
			name = Release;
		};
/* End XCBuildConfiguration section */

/* Begin XCConfigurationList section */
		1790130E2125BAF60099DD85 /* Build configuration list for PBXProject "Safety" */ = {
			isa = XCConfigurationList;
			buildConfigurations = (
				179013232125BAF70099DD85 /* Debug */,
				179013242125BAF70099DD85 /* Release */,
			);
			defaultConfigurationIsVisible = 0;
			defaultConfigurationName = Release;
		};
		179013252125BAF70099DD85 /* Build configuration list for PBXNativeTarget "Safety" */ = {
			isa = XCConfigurationList;
			buildConfigurations = (
				179013262125BAF70099DD85 /* Debug */,
				179013272125BAF70099DD85 /* Release */,
			);
			defaultConfigurationIsVisible = 0;
			defaultConfigurationName = Release;
		};
/* End XCConfigurationList section */
	};
	rootObject = 1790130B2125BAF60099DD85 /* Project object */;
}
